
Microsoft Visual Studio Solution File, Format Version 12.00
# Visual Studio Version 17
VisualStudioVersion = 17.3.32901.215
MinimumVisualStudioVersion = 10.0.40219.1
Project("{FAE04EC0-301F-11D3-BF4B-00C04F79EFBC}") = "Conversor App", "Conversor App.csproj", "{C15CDA52-450E-44A8-A0B0-156BC83E4F59}"
EndProject
Project("{FAE04EC0-301F-11D3-BF4B-00C04F79EFBC}") = "Conversor_Currecy App", "..\Conversor_Currecy App\Conversor_Currecy App.csproj", "{C8C8F393-017B-4E1E-ADEB-C6BFC5EDACB6}"
EndProject
Global
	GlobalSection(SolutionConfigurationPlatforms) = preSolution
		Debug|Any CPU = Debug|Any CPU
		Release|Any CPU = Release|Any CPU
	EndGlobalSection
	GlobalSection(ProjectConfigurationPlatforms) = postSolution
		{C15CDA52-450E-44A8-A0B0-156BC83E4F59}.Debug|Any CPU.ActiveCfg = Debug|Any CPU
		{C15CDA52-450E-44A8-A0B0-156BC83E4F59}.Debug|Any CPU.Build.0 = Debug|Any CPU
		{C15CDA52-450E-44A8-A0B0-156BC83E4F59}.Release|Any CPU.ActiveCfg = Release|Any CPU
		{C15CDA52-450E-44A8-A0B0-156BC83E4F59}.Release|Any CPU.Build.0 = Release|Any CPU
		{C8C8F393-017B-4E1E-ADEB-C6BFC5EDACB6}.Debug|Any CPU.ActiveCfg = Debug|Any CPU
		{C8C8F393-017B-4E1E-ADEB-C6BFC5EDACB6}.Debug|Any CPU.Build.0 = Debug|Any CPU
		{C8C8F393-017B-4E1E-ADEB-C6BFC5EDACB6}.Release|Any CPU.ActiveCfg = Release|Any CPU
		{C8C8F393-017B-4E1E-ADEB-C6BFC5EDACB6}.Release|Any CPU.Build.0 = Release|Any CPU
	EndGlobalSection
	GlobalSection(SolutionProperties) = preSolution
		HideSolutionNode = FALSE
	EndGlobalSection
	GlobalSection(ExtensibilityGlobals) = postSolution
		SolutionGuid = {7E272EAA-ECCC-4FB9-B365-321B149A35D2}
	EndGlobalSection
EndGlobal
